
Microsoft Visual Studio Solution File, Format Version 12.00
# Visual Studio 14
VisualStudioVersion = 14.0.25420.1
MinimumVisualStudioVersion = 10.0.40219.1
Project("{FAE04EC0-301F-11D3-BF4B-00C04F79EFBC}") = "PdfiumTranslator", "src\PdfiumTranslator\PdfiumTranslator.csproj", "{F59F8AC6-7B9F-4BA3-8D88-06D29F3AFFD3}"
EndProject
Project("{FAE04EC0-301F-11D3-BF4B-00C04F79EFBC}") = "RulerControl", "src\RulerControl\RulerControl.csproj", "{A6A2F3F6-DB6E-4D05-9C6E-BE823C17FF19}"
EndProject
Global
	GlobalSection(SolutionConfigurationPlatforms) = preSolution
		Debug|Any CPU = Debug|Any CPU
		Release|Any CPU = Release|Any CPU
	EndGlobalSection
	GlobalSection(ProjectConfigurationPlatforms) = postSolution
		{F59F8AC6-7B9F-4BA3-8D88-06D29F3AFFD3}.Debug|Any CPU.ActiveCfg = Debug|Any CPU
		{F59F8AC6-7B9F-4BA3-8D88-06D29F3AFFD3}.Debug|Any CPU.Build.0 = Debug|Any CPU
		{F59F8AC6-7B9F-4BA3-8D88-06D29F3AFFD3}.Release|Any CPU.ActiveCfg = Release|Any CPU
		{F59F8AC6-7B9F-4BA3-8D88-06D29F3AFFD3}.Release|Any CPU.Build.0 = Release|Any CPU
		{A6A2F3F6-DB6E-4D05-9C6E-BE823C17FF19}.Debug|Any CPU.ActiveCfg = Debug|Any CPU
		{A6A2F3F6-DB6E-4D05-9C6E-BE823C17FF19}.Debug|Any CPU.Build.0 = Debug|Any CPU
		{A6A2F3F6-DB6E-4D05-9C6E-BE823C17FF19}.Release|Any CPU.ActiveCfg = Release|Any CPU
		{A6A2F3F6-DB6E-4D05-9C6E-BE823C17FF19}.Release|Any CPU.Build.0 = Release|Any CPU
	EndGlobalSection
	GlobalSection(SolutionProperties) = preSolution
		HideSolutionNode = FALSE
	EndGlobalSection
EndGlobal
